
Microsoft Visual Studio Solution File, Format Version 11.00
# Visual Studio 2010
Project("{8BC9CEB8-8B4A-11D0-8D11-00A0C91BC942}") = "人脸识别", "人脸识别\人脸识别.vcxproj", "{EDCFCD64-24E5-4899-BFAD-19D24127434F}"
EndProject
Global
	GlobalSection(SolutionConfigurationPlatforms) = preSolution
		Debug|Win32 = Debug|Win32
		Release|Win32 = Release|Win32
	EndGlobalSection
	GlobalSection(ProjectConfigurationPlatforms) = postSolution
		{EDCFCD64-24E5-4899-BFAD-19D24127434F}.Debug|Win32.ActiveCfg = Debug|Win32
		{EDCFCD64-24E5-4899-BFAD-19D24127434F}.Debug|Win32.Build.0 = Debug|Win32
		{EDCFCD64-24E5-4899-BFAD-19D24127434F}.Release|Win32.ActiveCfg = Release|Win32
		{EDCFCD64-24E5-4899-BFAD-19D24127434F}.Release|Win32.Build.0 = Release|Win32
	EndGlobalSection
	GlobalSection(SolutionProperties) = preSolution
		HideSolutionNode = FALSE
	EndGlobalSection
EndGlobal
